<?xml version="1.0" encoding="utf-8"?>
<Project ToolsVersion="4.0" xmlns="http://schemas.microsoft.com/developer/msbuild/2003">
  <ItemGroup>
    <Filter Include="Source Files">
      <UniqueIdentifier>{8247e2ac-c50b-4721-ba62-cf1cab225935}</UniqueIdentifier>
      <Extensions>cpp;c;cxx;rc;def;r;odl;idl;hpj;bat</Extensions>
    </Filter>
    <Filter Include="Header Files">
      <UniqueIdentifier>{cd3d185c-ed02-419f-ae0b-86e1347f6ac3}</UniqueIdentifier>
      <Extensions>h;hpp;hxx;hm;inl</Extensions>
    </Filter>
    <Filter Include="Resource Files">
      <UniqueIdentifier>{d6c53f80-bcfd-481e-9e5b-dd16f2d30dc8}</UniqueIdentifier>
      <Extensions>ico;cur;bmp;dlg;rc2;rct;bin;rgs;gif;jpg;jpeg;jpe</Extensions>
    </Filter>
  </ItemGroup>
  <ItemGroup>
    <ClCompile Include="CGfxOpenGL.cpp">
      <Filter>Source Files</Filter>
    </ClCompile>
    <ClCompile Include="CTargaImage.cpp">
      <Filter>Source Files</Filter>
    </ClCompile>
    <ClCompile Include="GLee.c">
      <Filter>Source Files</Filter>
    </ClCompile>
    <ClCompile Include="MD2.cpp">
      <Filter>Source Files</Filter>
    </ClCompile>
    <ClCompile Include="Skybox.cpp">
      <Filter>Source Files</Filter>
    </ClCompile>
    <ClCompile Include="winmain.cpp">
      <Filter>Source Files</Filter>
    </ClCompile>
  </ItemGroup>
  <ItemGroup>
    <ClInclude Include="CGfxOpenGL.h">
      <Filter>Header Files</Filter>
    </ClInclude>
    <ClInclude Include="CTargaImage.h">
      <Filter>Header Files</Filter>
    </ClInclude>
    <ClInclude Include="GLee.h">
      <Filter>Header Files</Filter>
    </ClInclude>
    <ClInclude Include="MD2.h">
      <Filter>Header Files</Filter>
    </ClInclude>
    <ClInclude Include="Skybox.h">
      <Filter>Header Files</Filter>
    </ClInclude>
  </ItemGroup>
</Project>